
Microsoft Visual Studio Solution File, Format Version 12.00
# Visual Studio Version 17
VisualStudioVersion = 17.5.33627.172
MinimumVisualStudioVersion = 10.0.40219.1
Project("{8BC9CEB8-8B4A-11D0-8D11-00A0C91BC942}") = "GameServer", "GameServer\GameServer.vcxproj", "{08771B8E-0CED-4E81-8977-A699E0DB4250}"
EndProject
Project("{8BC9CEB8-8B4A-11D0-8D11-00A0C91BC942}") = "DummyClient", "DummyClient\DummyClient.vcxproj", "{C55DC562-A5D0-413B-B519-E80E32A56E1A}"
EndProject
Project("{8BC9CEB8-8B4A-11D0-8D11-00A0C91BC942}") = "ServerCore", "ServerCore\ServerCore.vcxproj", "{EB3AE2ED-1832-445B-8563-55A4CB6921C2}"
EndProject
Project("{2150E333-8FDC-42A3-9474-1A3956D46DE8}") = "Tools", "Tools", "{2F9BDE20-15A4-423E-ADA9-7BFD5A5100C8}"
EndProject
Global
	GlobalSection(SolutionConfigurationPlatforms) = preSolution
		Debug|arm64 = Debug|arm64
		Debug|x64 = Debug|x64
		Debug|x86 = Debug|x86
		Release|arm64 = Release|arm64
		Release|x64 = Release|x64
		Release|x86 = Release|x86
	EndGlobalSection
	GlobalSection(ProjectConfigurationPlatforms) = postSolution
		{08771B8E-0CED-4E81-8977-A699E0DB4250}.Debug|arm64.ActiveCfg = Debug|arm64
		{08771B8E-0CED-4E81-8977-A699E0DB4250}.Debug|arm64.Build.0 = Debug|arm64
		{08771B8E-0CED-4E81-8977-A699E0DB4250}.Debug|x64.ActiveCfg = Debug|x64
		{08771B8E-0CED-4E81-8977-A699E0DB4250}.Debug|x64.Build.0 = Debug|x64
		{08771B8E-0CED-4E81-8977-A699E0DB4250}.Debug|x86.ActiveCfg = Debug|Win32
		{08771B8E-0CED-4E81-8977-A699E0DB4250}.Debug|x86.Build.0 = Debug|Win32
		{08771B8E-0CED-4E81-8977-A699E0DB4250}.Release|arm64.ActiveCfg = Release|arm64
		{08771B8E-0CED-4E81-8977-A699E0DB4250}.Release|arm64.Build.0 = Release|arm64
		{08771B8E-0CED-4E81-8977-A699E0DB4250}.Release|x64.ActiveCfg = Release|x64
		{08771B8E-0CED-4E81-8977-A699E0DB4250}.Release|x64.Build.0 = Release|x64
		{08771B8E-0CED-4E81-8977-A699E0DB4250}.Release|x86.ActiveCfg = Release|Win32
		{08771B8E-0CED-4E81-8977-A699E0DB4250}.Release|x86.Build.0 = Release|Win32
		{C55DC562-A5D0-413B-B519-E80E32A56E1A}.Debug|arm64.ActiveCfg = Debug|arm64
		{C55DC562-A5D0-413B-B519-E80E32A56E1A}.Debug|arm64.Build.0 = Debug|arm64
		{C55DC562-A5D0-413B-B519-E80E32A56E1A}.Debug|x64.ActiveCfg = Debug|x64
		{C55DC562-A5D0-413B-B519-E80E32A56E1A}.Debug|x64.Build.0 = Debug|x64
		{C55DC562-A5D0-413B-B519-E80E32A56E1A}.Debug|x86.ActiveCfg = Debug|Win32
		{C55DC562-A5D0-413B-B519-E80E32A56E1A}.Debug|x86.Build.0 = Debug|Win32
		{C55DC562-A5D0-413B-B519-E80E32A56E1A}.Release|arm64.ActiveCfg = Release|arm64
		{C55DC562-A5D0-413B-B519-E80E32A56E1A}.Release|arm64.Build.0 = Release|arm64
		{C55DC562-A5D0-413B-B519-E80E32A56E1A}.Release|x64.ActiveCfg = Release|x64
		{C55DC562-A5D0-413B-B519-E80E32A56E1A}.Release|x64.Build.0 = Release|x64
		{C55DC562-A5D0-413B-B519-E80E32A56E1A}.Release|x86.ActiveCfg = Release|Win32
		{C55DC562-A5D0-413B-B519-E80E32A56E1A}.Release|x86.Build.0 = Release|Win32
		{EB3AE2ED-1832-445B-8563-55A4CB6921C2}.Debug|arm64.ActiveCfg = Debug|arm64
		{EB3AE2ED-1832-445B-8563-55A4CB6921C2}.Debug|arm64.Build.0 = Debug|arm64
		{EB3AE2ED-1832-445B-8563-55A4CB6921C2}.Debug|x64.ActiveCfg = Debug|x64
		{EB3AE2ED-1832-445B-8563-55A4CB6921C2}.Debug|x64.Build.0 = Debug|x64
		{EB3AE2ED-1832-445B-8563-55A4CB6921C2}.Debug|x86.ActiveCfg = Debug|Win32
		{EB3AE2ED-1832-445B-8563-55A4CB6921C2}.Debug|x86.Build.0 = Debug|Win32
		{EB3AE2ED-1832-445B-8563-55A4CB6921C2}.Release|arm64.ActiveCfg = Release|arm64
		{EB3AE2ED-1832-445B-8563-55A4CB6921C2}.Release|arm64.Build.0 = Release|arm64
		{EB3AE2ED-1832-445B-8563-55A4CB6921C2}.Release|x64.ActiveCfg = Release|x64
		{EB3AE2ED-1832-445B-8563-55A4CB6921C2}.Release|x64.Build.0 = Release|x64
		{EB3AE2ED-1832-445B-8563-55A4CB6921C2}.Release|x86.ActiveCfg = Release|Win32
		{EB3AE2ED-1832-445B-8563-55A4CB6921C2}.Release|x86.Build.0 = Release|Win32
	EndGlobalSection
	GlobalSection(SolutionProperties) = preSolution
		HideSolutionNode = FALSE
	EndGlobalSection
	GlobalSection(ExtensibilityGlobals) = postSolution
		SolutionGuid = {C9B3D180-B956-41A1-9939-2C3AD1AC77D0}
	EndGlobalSection
EndGlobal
